
Microsoft Visual Studio Solution File, Format Version 12.00
# Visual Studio 14
VisualStudioVersion = 14.0.23107.0
MinimumVisualStudioVersion = 10.0.40219.1
Project("{FAE04EC0-301F-11D3-BF4B-00C04F79EFBC}") = "28_exception", "28_exception\28_exception.csproj", "{B9956E20-51A2-4EEF-87FD-17B3653E93F9}"
EndProject
Global
	GlobalSection(SolutionConfigurationPlatforms) = preSolution
		Debug|Any CPU = Debug|Any CPU
		Release|Any CPU = Release|Any CPU
	EndGlobalSection
	GlobalSection(ProjectConfigurationPlatforms) = postSolution
		{B9956E20-51A2-4EEF-87FD-17B3653E93F9}.Debug|Any CPU.ActiveCfg = Debug|Any CPU
		{B9956E20-51A2-4EEF-87FD-17B3653E93F9}.Debug|Any CPU.Build.0 = Debug|Any CPU
		{B9956E20-51A2-4EEF-87FD-17B3653E93F9}.Release|Any CPU.ActiveCfg = Release|Any CPU
		{B9956E20-51A2-4EEF-87FD-17B3653E93F9}.Release|Any CPU.Build.0 = Release|Any CPU
	EndGlobalSection
	GlobalSection(SolutionProperties) = preSolution
		HideSolutionNode = FALSE
	EndGlobalSection
EndGlobal
